
Microsoft Visual Studio Solution File, Format Version 12.00
# Visual Studio Version 16
VisualStudioVersion = 16.0.28803.202
MinimumVisualStudioVersion = 10.0.40219.1
Project("{FAE04EC0-301F-11D3-BF4B-00C04F79EFBC}") = "Lab3A", "Lab3A\Lab3A.csproj", "{28C868CA-BE31-4F6E-8102-059F6A2957EE}"
EndProject
Global
	GlobalSection(SolutionConfigurationPlatforms) = preSolution
		Debug|Any CPU = Debug|Any CPU
		Release|Any CPU = Release|Any CPU
	EndGlobalSection
	GlobalSection(ProjectConfigurationPlatforms) = postSolution
		{28C868CA-BE31-4F6E-8102-059F6A2957EE}.Debug|Any CPU.ActiveCfg = Debug|Any CPU
		{28C868CA-BE31-4F6E-8102-059F6A2957EE}.Debug|Any CPU.Build.0 = Debug|Any CPU
		{28C868CA-BE31-4F6E-8102-059F6A2957EE}.Release|Any CPU.ActiveCfg = Release|Any CPU
		{28C868CA-BE31-4F6E-8102-059F6A2957EE}.Release|Any CPU.Build.0 = Release|Any CPU
	EndGlobalSection
	GlobalSection(SolutionProperties) = preSolution
		HideSolutionNode = FALSE
	EndGlobalSection
	GlobalSection(ExtensibilityGlobals) = postSolution
		SolutionGuid = {07B38FB9-0BC6-438F-B9A5-B2E32B0E8C5A}
	EndGlobalSection
EndGlobal
